<?xml version="1.0" encoding="utf-8"?>
<Project ToolsVersion="4.0" xmlns="http://schemas.microsoft.com/developer/msbuild/2003">
  <ItemGroup>
    <Filter Include="Source Files">
      <UniqueIdentifier>{4FC737F1-C7A5-4376-A066-2A32D752A2FF}</UniqueIdentifier>
      <Extensions>cpp;c;cc;cxx;c++;cppm;ixx;def;odl;idl;hpj;bat;asm;asmx</Extensions>
    </Filter>
    <Filter Include="Header Files">
      <UniqueIdentifier>{93995380-89BD-4b04-88EB-625FBE52EBFB}</UniqueIdentifier>
      <Extensions>h;hh;hpp;hxx;h++;hm;inl;inc;ipp;xsd</Extensions>
    </Filter>
    <Filter Include="Resource Files">
      <UniqueIdentifier>{67DA6AB6-F800-4c08-8B7A-83BB121AAD01}</UniqueIdentifier>
      <Extensions>rc;ico;cur;bmp;dlg;rc2;rct;bin;rgs;gif;jpg;jpeg;jpe;resx;tiff;tif;png;wav;mfcribbon-ms</Extensions>
    </Filter>
    <Filter Include="Interfaces">
      <UniqueIdentifier>{ad4bfbde-e3d0-4f53-8440-fee7d380eec9}</UniqueIdentifier>
    </Filter>
    <Filter Include="Electronics">
      <UniqueIdentifier>{4093df24-03f1-4e97-9518-b2f80a44b130}</UniqueIdentifier>
    </Filter>
  </ItemGroup>
  <ItemGroup>
    <ClCompile Include="JustPark.cpp">
      <Filter>Source Files</Filter>
    </ClCompile>
    <ClCompile Include="ParkingLot.cpp">
      <Filter>Source Files</Filter>
    </ClCompile>
    <ClCompile Include="Floor.cpp">
      <Filter>Source Files</Filter>
    </ClCompile>
    <ClCompile Include="Customer.cpp">
      <Filter>Source Files</Filter>
    </ClCompile>
    <ClCompile Include="Person.cpp">
      <Filter>Source Files</Filter>
    </ClCompile>
    <ClCompile Include="stdafx.cpp">
      <Filter>Source Files</Filter>
    </ClCompile>
    <ClCompile Include="Car.cpp">
      <Filter>Source Files</Filter>
    </ClCompile>
    <ClCompile Include="Vehicle.cpp">
      <Filter>Source Files</Filter>
    </ClCompile>
    <ClCompile Include="Truck.cpp">
      <Filter>Source Files</Filter>
    </ClCompile>
    <ClCompile Include="Gate.cpp">
      <Filter>Source Files</Filter>
    </ClCompile>
    <ClCompile Include="DBObject.cpp">
      <Filter>Source Files</Filter>
    </ClCompile>
    <ClCompile Include="Attendent.cpp">
      <Filter>Source Files</Filter>
    </ClCompile>
    <ClCompile Include="AutoExitPanel.cpp">
      <Filter>Source Files</Filter>
    </ClCompile>
    <ClCompile Include="Ticket.cpp">
      <Filter>Source Files</Filter>
    </ClCompile>
    <ClCompile Include="CustomerInfoPortal.cpp">
      <Filter>Source Files</Filter>
    </ClCompile>
    <ClCompile Include="EntrancePanel.cpp">
      <Filter>Source Files</Filter>
    </ClCompile>
    <ClCompile Include="DisplayBoard.cpp">
      <Filter>Source Files</Filter>
    </ClCompile>
    <ClCompile Include="Electronics.cpp">
      <Filter>Source Files</Filter>
    </ClCompile>
    <ClCompile Include="Spot.cpp">
      <Filter>Source Files</Filter>
    </ClCompile>
    <ClCompile Include="Compact.cpp">
      <Filter>Source Files</Filter>
    </ClCompile>
  </ItemGroup>
  <ItemGroup>
    <ClInclude Include="ParkingLot.h">
      <Filter>Header Files</Filter>
    </ClInclude>
    <ClInclude Include="Floor.h">
      <Filter>Header Files</Filter>
    </ClInclude>
    <ClInclude Include="Customer.h">
      <Filter>Header Files</Filter>
    </ClInclude>
    <ClInclude Include="Person.h">
      <Filter>Header Files</Filter>
    </ClInclude>
    <ClInclude Include="stdafx.h">
      <Filter>Header Files</Filter>
    </ClInclude>
    <ClInclude Include="Car.h">
      <Filter>Header Files</Filter>
    </ClInclude>
    <ClInclude Include="Vehicle.h">
      <Filter>Header Files</Filter>
    </ClInclude>
    <ClInclude Include="Truck.h">
      <Filter>Header Files</Filter>
    </ClInclude>
    <ClInclude Include="Gate.h">
      <Filter>Header Files</Filter>
    </ClInclude>
    <ClInclude Include="DBObject.h">
      <Filter>Header Files</Filter>
    </ClInclude>
    <ClInclude Include="Attendent.h">
      <Filter>Header Files</Filter>
    </ClInclude>
    <ClInclude Include="AutoExitPanel.h">
      <Filter>Header Files</Filter>
    </ClInclude>
    <ClInclude Include="Ticket.h">
      <Filter>Header Files</Filter>
    </ClInclude>
    <ClInclude Include="HasDisplay.h">
      <Filter>Interfaces</Filter>
    </ClInclude>
    <ClInclude Include="IssuesTicket.h">
      <Filter>Interfaces</Filter>
    </ClInclude>
    <ClInclude Include="PaymentEnabled.h">
      <Filter>Interfaces</Filter>
    </ClInclude>
    <ClInclude Include="CustomerInfoPortal.h">
      <Filter>Electronics</Filter>
    </ClInclude>
    <ClInclude Include="DisplayBoard.h">
      <Filter>Electronics</Filter>
    </ClInclude>
    <ClInclude Include="EntrancePanel.h">
      <Filter>Electronics</Filter>
    </ClInclude>
    <ClInclude Include="Electronics.h">
      <Filter>Electronics</Filter>
    </ClInclude>
    <ClInclude Include="Spot.h">
      <Filter>Header Files</Filter>
    </ClInclude>
    <ClInclude Include="Compact.h">
      <Filter>Header Files</Filter>
    </ClInclude>
  </ItemGroup>
</Project>